// !$*UTF8*$!
{
	archiveVersion = 1;
	classes = {
	};
	objectVersion = 50;
	objects = {

/* Begin PBXBuildFile section */
		1A5380942571A37500E7FE62 /* AppDelegate.swift in Sources */ = {isa = PBXBuildFile; fileRef = 1A5380932571A37500E7FE62 /* AppDelegate.swift */; };
		1A5380962571A37500E7FE62 /* SceneDelegate.swift in Sources */ = {isa = PBXBuildFile; fileRef = 1A5380952571A37500E7FE62 /* SceneDelegate.swift */; };
		1A53809D2571A37600E7FE62 /* Assets.xcassets in Resources */ = {isa = PBXBuildFile; fileRef = 1A53809C2571A37600E7FE62 /* Assets.xcassets */; };
		1A5380A02571A37600E7FE62 /* LaunchScreen.storyboard in Resources */ = {isa = PBXBuildFile; fileRef = 1A53809E2571A37600E7FE62 /* LaunchScreen.storyboard */; };
		1A6063292576DEE3006D98E8 /* MainViewController.swift in Sources */ = {isa = PBXBuildFile; fileRef = 1A6063272576DEE3006D98E8 /* MainViewController.swift */; };
		1A60632A2576DEE3006D98E8 /* MainViewController.xib in Resources */ = {isa = PBXBuildFile; fileRef = 1A6063282576DEE3006D98E8 /* MainViewController.xib */; };
		1A963124257BC3D000CFA178 /* Beacon.swift in Sources */ = {isa = PBXBuildFile; fileRef = 1A963123257BC3D000CFA178 /* Beacon.swift */; };
		1ACE1CBC257BF77300B9933C /* Project.swift in Sources */ = {isa = PBXBuildFile; fileRef = 1ACE1CBB257BF77300B9933C /* Project.swift */; };
		1ACE1CBF257BFAAC00B9933C /* ProjectTableViewCell.swift in Sources */ = {isa = PBXBuildFile; fileRef = 1ACE1CBD257BFAAC00B9933C /* ProjectTableViewCell.swift */; };
		1ACE1CC0257BFAAC00B9933C /* ProjectTableViewCell.xib in Resources */ = {isa = PBXBuildFile; fileRef = 1ACE1CBE257BFAAC00B9933C /* ProjectTableViewCell.xib */; };
		1ACE1CC3257C096E00B9933C /* ProjectDetailViewController.swift in Sources */ = {isa = PBXBuildFile; fileRef = 1ACE1CC1257C096E00B9933C /* ProjectDetailViewController.swift */; };
		1ACE1CC4257C096E00B9933C /* ProjectDetailViewController.xib in Resources */ = {isa = PBXBuildFile; fileRef = 1ACE1CC2257C096E00B9933C /* ProjectDetailViewController.xib */; };
		1ACE1CC7257C225C00B9933C /* BeaconTableViewCell.swift in Sources */ = {isa = PBXBuildFile; fileRef = 1ACE1CC5257C225C00B9933C /* BeaconTableViewCell.swift */; };
		1ACE1CC8257C225C00B9933C /* BeaconTableViewCell.xib in Resources */ = {isa = PBXBuildFile; fileRef = 1ACE1CC6257C225C00B9933C /* BeaconTableViewCell.xib */; };
		1AF43D19257BC7B500C99BCF /* TableView.swift in Sources */ = {isa = PBXBuildFile; fileRef = 1AF43D18257BC7B500C99BCF /* TableView.swift */; };
		4215EB0A2581882C00F05B89 /* NewProjectViewController.swift in Sources */ = {isa = PBXBuildFile; fileRef = 4215EB082581882C00F05B89 /* NewProjectViewController.swift */; };
		4215EB0B2581882C00F05B89 /* NewProjectViewController.xib in Resources */ = {isa = PBXBuildFile; fileRef = 4215EB092581882C00F05B89 /* NewProjectViewController.xib */; };
		428AC4B02582D25800614DB5 /* ProjectsViewModel.swift in Sources */ = {isa = PBXBuildFile; fileRef = 428AC4AF2582D25800614DB5 /* ProjectsViewModel.swift */; };
		42CCB11E25855E60005E1D45 /* NewBeaconViewController.swift in Sources */ = {isa = PBXBuildFile; fileRef = 42CCB11C25855E60005E1D45 /* NewBeaconViewController.swift */; };
		42CCB11F25855E60005E1D45 /* NewBeaconViewController.xib in Resources */ = {isa = PBXBuildFile; fileRef = 42CCB11D25855E60005E1D45 /* NewBeaconViewController.xib */; };
/* End PBXBuildFile section */

/* Begin PBXFileReference section */
		1A5380902571A37500E7FE62 /* Beacon-Simulator.app */ = {isa = PBXFileReference; explicitFileType = wrapper.application; includeInIndex = 0; path = "Beacon-Simulator.app"; sourceTree = BUILT_PRODUCTS_DIR; };
		1A5380932571A37500E7FE62 /* AppDelegate.swift */ = {isa = PBXFileReference; lastKnownFileType = sourcecode.swift; path = AppDelegate.swift; sourceTree = "<group>"; };
		1A5380952571A37500E7FE62 /* SceneDelegate.swift */ = {isa = PBXFileReference; lastKnownFileType = sourcecode.swift; path = SceneDelegate.swift; sourceTree = "<group>"; };
		1A53809C2571A37600E7FE62 /* Assets.xcassets */ = {isa = PBXFileReference; lastKnownFileType = folder.assetcatalog; path = Assets.xcassets; sourceTree = "<group>"; };
		1A53809F2571A37600E7FE62 /* Base */ = {isa = PBXFileReference; lastKnownFileType = file.storyboard; name = Base; path = Base.lproj/LaunchScreen.storyboard; sourceTree = "<group>"; };
		1A5380A12571A37600E7FE62 /* Info.plist */ = {isa = PBXFileReference; lastKnownFileType = text.plist.xml; path = Info.plist; sourceTree = "<group>"; };
		1A6063272576DEE3006D98E8 /* MainViewController.swift */ = {isa = PBXFileReference; lastKnownFileType = sourcecode.swift; path = MainViewController.swift; sourceTree = "<group>"; };
		1A6063282576DEE3006D98E8 /* MainViewController.xib */ = {isa = PBXFileReference; lastKnownFileType = file.xib; path = MainViewController.xib; sourceTree = "<group>"; };
		1A963123257BC3D000CFA178 /* Beacon.swift */ = {isa = PBXFileReference; lastKnownFileType = sourcecode.swift; path = Beacon.swift; sourceTree = "<group>"; };
		1ACE1CBB257BF77300B9933C /* Project.swift */ = {isa = PBXFileReference; lastKnownFileType = sourcecode.swift; path = Project.swift; sourceTree = "<group>"; };
		1ACE1CBD257BFAAC00B9933C /* ProjectTableViewCell.swift */ = {isa = PBXFileReference; lastKnownFileType = sourcecode.swift; name = ProjectTableViewCell.swift; path = "Beacon-Simulator/TableView/ProjectTableViewCell.swift"; sourceTree = SOURCE_ROOT; };
		1ACE1CBE257BFAAC00B9933C /* ProjectTableViewCell.xib */ = {isa = PBXFileReference; lastKnownFileType = file.xib; name = ProjectTableViewCell.xib; path = "Beacon-Simulator/ProjectTableViewCell.xib"; sourceTree = SOURCE_ROOT; };
		1ACE1CC1257C096E00B9933C /* ProjectDetailViewController.swift */ = {isa = PBXFileReference; lastKnownFileType = sourcecode.swift; path = ProjectDetailViewController.swift; sourceTree = "<group>"; };
		1ACE1CC2257C096E00B9933C /* ProjectDetailViewController.xib */ = {isa = PBXFileReference; lastKnownFileType = file.xib; path = ProjectDetailViewController.xib; sourceTree = "<group>"; };
		1ACE1CC5257C225C00B9933C /* BeaconTableViewCell.swift */ = {isa = PBXFileReference; lastKnownFileType = sourcecode.swift; path = BeaconTableViewCell.swift; sourceTree = "<group>"; };
		1ACE1CC6257C225C00B9933C /* BeaconTableViewCell.xib */ = {isa = PBXFileReference; lastKnownFileType = file.xib; path = BeaconTableViewCell.xib; sourceTree = "<group>"; };
		1AF43D18257BC7B500C99BCF /* TableView.swift */ = {isa = PBXFileReference; lastKnownFileType = sourcecode.swift; path = TableView.swift; sourceTree = "<group>"; };
		4215EB082581882C00F05B89 /* NewProjectViewController.swift */ = {isa = PBXFileReference; lastKnownFileType = sourcecode.swift; path = NewProjectViewController.swift; sourceTree = "<group>"; };
		4215EB092581882C00F05B89 /* NewProjectViewController.xib */ = {isa = PBXFileReference; lastKnownFileType = file.xib; path = NewProjectViewController.xib; sourceTree = "<group>"; };
		428AC4AF2582D25800614DB5 /* ProjectsViewModel.swift */ = {isa = PBXFileReference; lastKnownFileType = sourcecode.swift; path = ProjectsViewModel.swift; sourceTree = "<group>"; };
		42CCB11C25855E60005E1D45 /* NewBeaconViewController.swift */ = {isa = PBXFileReference; lastKnownFileType = sourcecode.swift; path = NewBeaconViewController.swift; sourceTree = "<group>"; };
		42CCB11D25855E60005E1D45 /* NewBeaconViewController.xib */ = {isa = PBXFileReference; lastKnownFileType = file.xib; path = NewBeaconViewController.xib; sourceTree = "<group>"; };
/* End PBXFileReference section */

/* Begin PBXFrameworksBuildPhase section */
		1A53808D2571A37500E7FE62 /* Frameworks */ = {
			isa = PBXFrameworksBuildPhase;
			buildActionMask = 2147483647;
			files = (
			);
			runOnlyForDeploymentPostprocessing = 0;
		};
/* End PBXFrameworksBuildPhase section */

/* Begin PBXGroup section */
		1A5380872571A37500E7FE62 = {
			isa = PBXGroup;
			children = (
				1A5380922571A37500E7FE62 /* Beacon-Simulator */,
				1A5380912571A37500E7FE62 /* Products */,
			);
			sourceTree = "<group>";
		};
		1A5380912571A37500E7FE62 /* Products */ = {
			isa = PBXGroup;
			children = (
				1A5380902571A37500E7FE62 /* Beacon-Simulator.app */,
			);
			name = Products;
			sourceTree = "<group>";
		};
		1A5380922571A37500E7FE62 /* Beacon-Simulator */ = {
			isa = PBXGroup;
			children = (
				1ACE1CC9257C226F00B9933C /* TableView */,
				1A963126257BC46F00CFA178 /* Controllers */,
				1A963125257BC46400CFA178 /* Views */,
				1A963122257BC3BF00CFA178 /* Models */,
				428AC4AE2582CE4500614DB5 /* ViewModels */,
				1A5380932571A37500E7FE62 /* AppDelegate.swift */,
				1A5380952571A37500E7FE62 /* SceneDelegate.swift */,
				1A53809C2571A37600E7FE62 /* Assets.xcassets */,
				1A53809E2571A37600E7FE62 /* LaunchScreen.storyboard */,
				1A5380A12571A37600E7FE62 /* Info.plist */,
			);
			path = "Beacon-Simulator";
			sourceTree = "<group>";
		};
		1A963122257BC3BF00CFA178 /* Models */ = {
			isa = PBXGroup;
			children = (
				1A963123257BC3D000CFA178 /* Beacon.swift */,
				1ACE1CBB257BF77300B9933C /* Project.swift */,
			);
			path = Models;
			sourceTree = "<group>";
		};
		1A963125257BC46400CFA178 /* Views */ = {
			isa = PBXGroup;
			children = (
				1A6063282576DEE3006D98E8 /* MainViewController.xib */,
				4215EB092581882C00F05B89 /* NewProjectViewController.xib */,
				42CCB11D25855E60005E1D45 /* NewBeaconViewController.xib */,
				1ACE1CC2257C096E00B9933C /* ProjectDetailViewController.xib */,
				1ACE1CBE257BFAAC00B9933C /* ProjectTableViewCell.xib */,
				1ACE1CC6257C225C00B9933C /* BeaconTableViewCell.xib */,
			);
			path = Views;
			sourceTree = "<group>";
		};
		1A963126257BC46F00CFA178 /* Controllers */ = {
			isa = PBXGroup;
			children = (
				1A6063272576DEE3006D98E8 /* MainViewController.swift */,
				1ACE1CC1257C096E00B9933C /* ProjectDetailViewController.swift */,
				4215EB082581882C00F05B89 /* NewProjectViewController.swift */,
				42CCB11C25855E60005E1D45 /* NewBeaconViewController.swift */,
			);
			path = Controllers;
			sourceTree = "<group>";
		};
		1ACE1CC9257C226F00B9933C /* TableView */ = {
			isa = PBXGroup;
			children = (
				1AF43D18257BC7B500C99BCF /* TableView.swift */,
				1ACE1CBD257BFAAC00B9933C /* ProjectTableViewCell.swift */,
				1ACE1CC5257C225C00B9933C /* BeaconTableViewCell.swift */,
			);
			path = TableView;
			sourceTree = "<group>";
		};
		428AC4AE2582CE4500614DB5 /* ViewModels */ = {
			isa = PBXGroup;
			children = (
				428AC4AF2582D25800614DB5 /* ProjectsViewModel.swift */,
			);
			path = ViewModels;
			sourceTree = "<group>";
		};
/* End PBXGroup section */

/* Begin PBXNativeTarget section */
		1A53808F2571A37500E7FE62 /* Beacon-Simulator */ = {
			isa = PBXNativeTarget;
			buildConfigurationList = 1A5380A42571A37600E7FE62 /* Build configuration list for PBXNativeTarget "Beacon-Simulator" */;
			buildPhases = (
				1A53808C2571A37500E7FE62 /* Sources */,
				1A53808D2571A37500E7FE62 /* Frameworks */,
				1A53808E2571A37500E7FE62 /* Resources */,
			);
			buildRules = (
			);
			dependencies = (
			);
			name = "Beacon-Simulator";
			productName = "Beacon-Simulator";
			productReference = 1A5380902571A37500E7FE62 /* Beacon-Simulator.app */;
			productType = "com.apple.product-type.application";
		};
/* End PBXNativeTarget section */

/* Begin PBXProject section */
		1A5380882571A37500E7FE62 /* Project object */ = {
			isa = PBXProject;
			attributes = {
				LastSwiftUpdateCheck = 1170;
				LastUpgradeCheck = 1170;
				ORGANIZATIONNAME = "Aitor Zubizarreta";
				TargetAttributes = {
					1A53808F2571A37500E7FE62 = {
						CreatedOnToolsVersion = 11.7;
					};
				};
			};
			buildConfigurationList = 1A53808B2571A37500E7FE62 /* Build configuration list for PBXProject "Beacon-Simulator" */;
			compatibilityVersion = "Xcode 9.3";
			developmentRegion = en;
			hasScannedForEncodings = 0;
			knownRegions = (
				en,
				Base,
			);
			mainGroup = 1A5380872571A37500E7FE62;
			productRefGroup = 1A5380912571A37500E7FE62 /* Products */;
			projectDirPath = "";
			projectRoot = "";
			targets = (
				1A53808F2571A37500E7FE62 /* Beacon-Simulator */,
			);
		};
/* End PBXProject section */

/* Begin PBXResourcesBuildPhase section */
		1A53808E2571A37500E7FE62 /* Resources */ = {
			isa = PBXResourcesBuildPhase;
			buildActionMask = 2147483647;
			files = (
				1A5380A02571A37600E7FE62 /* LaunchScreen.storyboard in Resources */,
				1ACE1CC8257C225C00B9933C /* BeaconTableViewCell.xib in Resources */,
				1ACE1CC4257C096E00B9933C /* ProjectDetailViewController.xib in Resources */,
				1A60632A2576DEE3006D98E8 /* MainViewController.xib in Resources */,
				1A53809D2571A37600E7FE62 /* Assets.xcassets in Resources */,
				42CCB11F25855E60005E1D45 /* NewBeaconViewController.xib in Resources */,
				4215EB0B2581882C00F05B89 /* NewProjectViewController.xib in Resources */,
				1ACE1CC0257BFAAC00B9933C /* ProjectTableViewCell.xib in Resources */,
			);
			runOnlyForDeploymentPostprocessing = 0;
		};
/* End PBXResourcesBuildPhase section */

/* Begin PBXSourcesBuildPhase section */
		1A53808C2571A37500E7FE62 /* Sources */ = {
			isa = PBXSourcesBuildPhase;
			buildActionMask = 2147483647;
			files = (
				1A5380942571A37500E7FE62 /* AppDelegate.swift in Sources */,
				1ACE1CC7257C225C00B9933C /* BeaconTableViewCell.swift in Sources */,
				1ACE1CBF257BFAAC00B9933C /* ProjectTableViewCell.swift in Sources */,
				1AF43D19257BC7B500C99BCF /* TableView.swift in Sources */,
				1A5380962571A37500E7FE62 /* SceneDelegate.swift in Sources */,
				1A6063292576DEE3006D98E8 /* MainViewController.swift in Sources */,
				1A963124257BC3D000CFA178 /* Beacon.swift in Sources */,
				1ACE1CBC257BF77300B9933C /* Project.swift in Sources */,
				1ACE1CC3257C096E00B9933C /* ProjectDetailViewController.swift in Sources */,
				42CCB11E25855E60005E1D45 /* NewBeaconViewController.swift in Sources */,
				428AC4B02582D25800614DB5 /* ProjectsViewModel.swift in Sources */,
				4215EB0A2581882C00F05B89 /* NewProjectViewController.swift in Sources */,
			);
			runOnlyForDeploymentPostprocessing = 0;
		};
/* End PBXSourcesBuildPhase section */

/* Begin PBXVariantGroup section */
		1A53809E2571A37600E7FE62 /* LaunchScreen.storyboard */ = {
			isa = PBXVariantGroup;
			children = (
				1A53809F2571A37600E7FE62 /* Base */,
			);
			name = LaunchScreen.storyboard;
			sourceTree = "<group>";
		};
/* End PBXVariantGroup section */

/* Begin XCBuildConfiguration section */
		1A5380A22571A37600E7FE62 /* Debug */ = {
			isa = XCBuildConfiguration;
			buildSettings = {
				ALWAYS_SEARCH_USER_PATHS = NO;
				CLANG_ANALYZER_NONNULL = YES;
				CLANG_ANALYZER_NUMBER_OBJECT_CONVERSION = YES_AGGRESSIVE;
				CLANG_CXX_LANGUAGE_STANDARD = "gnu++14";
				CLANG_CXX_LIBRARY = "libc++";
				CLANG_ENABLE_MODULES = YES;
				CLANG_ENABLE_OBJC_ARC = YES;
				CLANG_ENABLE_OBJC_WEAK = YES;
				CLANG_WARN_BLOCK_CAPTURE_AUTORELEASING = YES;
				CLANG_WARN_BOOL_CONVERSION = YES;
				CLANG_WARN_COMMA = YES;
				CLANG_WARN_CONSTANT_CONVERSION = YES;
				CLANG_WARN_DEPRECATED_OBJC_IMPLEMENTATIONS = YES;
				CLANG_WARN_DIRECT_OBJC_ISA_USAGE = YES_ERROR;
				CLANG_WARN_DOCUMENTATION_COMMENTS = YES;
				CLANG_WARN_EMPTY_BODY = YES;
				CLANG_WARN_ENUM_CONVERSION = YES;
				CLANG_WARN_INFINITE_RECURSION = YES;
				CLANG_WARN_INT_CONVERSION = YES;
				CLANG_WARN_NON_LITERAL_NULL_CONVERSION = YES;
				CLANG_WARN_OBJC_IMPLICIT_RETAIN_SELF = YES;
				CLANG_WARN_OBJC_LITERAL_CONVERSION = YES;
				CLANG_WARN_OBJC_ROOT_CLASS = YES_ERROR;
				CLANG_WARN_RANGE_LOOP_ANALYSIS = YES;
				CLANG_WARN_STRICT_PROTOTYPES = YES;
				CLANG_WARN_SUSPICIOUS_MOVE = YES;
				CLANG_WARN_UNGUARDED_AVAILABILITY = YES_AGGRESSIVE;
				CLANG_WARN_UNREACHABLE_CODE = YES;
				CLANG_WARN__DUPLICATE_METHOD_MATCH = YES;
				COPY_PHASE_STRIP = NO;
				DEBUG_INFORMATION_FORMAT = dwarf;
				ENABLE_STRICT_OBJC_MSGSEND = YES;
				ENABLE_TESTABILITY = YES;
				GCC_C_LANGUAGE_STANDARD = gnu11;
				GCC_DYNAMIC_NO_PIC = NO;
				GCC_NO_COMMON_BLOCKS = YES;
				GCC_OPTIMIZATION_LEVEL = 0;
				GCC_PREPROCESSOR_DEFINITIONS = (
					"DEBUG=1",
					"$(inherited)",
				);
				GCC_WARN_64_TO_32_BIT_CONVERSION = YES;
				GCC_WARN_ABOUT_RETURN_TYPE = YES_ERROR;
				GCC_WARN_UNDECLARED_SELECTOR = YES;
				GCC_WARN_UNINITIALIZED_AUTOS = YES_AGGRESSIVE;
				GCC_WARN_UNUSED_FUNCTION = YES;
				GCC_WARN_UNUSED_VARIABLE = YES;
				IPHONEOS_DEPLOYMENT_TARGET = 13.7;
				MTL_ENABLE_DEBUG_INFO = INCLUDE_SOURCE;
				MTL_FAST_MATH = YES;
				ONLY_ACTIVE_ARCH = YES;
				SDKROOT = iphoneos;
				SWIFT_ACTIVE_COMPILATION_CONDITIONS = DEBUG;
				SWIFT_OPTIMIZATION_LEVEL = "-Onone";
			};
			name = Debug;
		};
		1A5380A32571A37600E7FE62 /* Release */ = {
			isa = XCBuildConfiguration;
			buildSettings = {
				ALWAYS_SEARCH_USER_PATHS = NO;
				CLANG_ANALYZER_NONNULL = YES;
				CLANG_ANALYZER_NUMBER_OBJECT_CONVERSION = YES_AGGRESSIVE;
				CLANG_CXX_LANGUAGE_STANDARD = "gnu++14";
				CLANG_CXX_LIBRARY = "libc++";
				CLANG_ENABLE_MODULES = YES;
				CLANG_ENABLE_OBJC_ARC = YES;
				CLANG_ENABLE_OBJC_WEAK = YES;
				CLANG_WARN_BLOCK_CAPTURE_AUTORELEASING = YES;
				CLANG_WARN_BOOL_CONVERSION = YES;
				CLANG_WARN_COMMA = YES;
				CLANG_WARN_CONSTANT_CONVERSION = YES;
				CLANG_WARN_DEPRECATED_OBJC_IMPLEMENTATIONS = YES;
				CLANG_WARN_DIRECT_OBJC_ISA_USAGE = YES_ERROR;
				CLANG_WARN_DOCUMENTATION_COMMENTS = YES;
				CLANG_WARN_EMPTY_BODY = YES;
				CLANG_WARN_ENUM_CONVERSION = YES;
				CLANG_WARN_INFINITE_RECURSION = YES;
				CLANG_WARN_INT_CONVERSION = YES;
				CLANG_WARN_NON_LITERAL_NULL_CONVERSION = YES;
				CLANG_WARN_OBJC_IMPLICIT_RETAIN_SELF = YES;
				CLANG_WARN_OBJC_LITERAL_CONVERSION = YES;
				CLANG_WARN_OBJC_ROOT_CLASS = YES_ERROR;
				CLANG_WARN_RANGE_LOOP_ANALYSIS = YES;
				CLANG_WARN_STRICT_PROTOTYPES = YES;
				CLANG_WARN_SUSPICIOUS_MOVE = YES;
				CLANG_WARN_UNGUARDED_AVAILABILITY = YES_AGGRESSIVE;
				CLANG_WARN_UNREACHABLE_CODE = YES;
				CLANG_WARN__DUPLICATE_METHOD_MATCH = YES;
				COPY_PHASE_STRIP = NO;
				DEBUG_INFORMATION_FORMAT = "dwarf-with-dsym";
				ENABLE_NS_ASSERTIONS = NO;
				ENABLE_STRICT_OBJC_MSGSEND = YES;
				GCC_C_LANGUAGE_STANDARD = gnu11;
				GCC_NO_COMMON_BLOCKS = YES;
				GCC_WARN_64_TO_32_BIT_CONVERSION = YES;
				GCC_WARN_ABOUT_RETURN_TYPE = YES_ERROR;
				GCC_WARN_UNDECLARED_SELECTOR = YES;
				GCC_WARN_UNINITIALIZED_AUTOS = YES_AGGRESSIVE;
				GCC_WARN_UNUSED_FUNCTION = YES;
				GCC_WARN_UNUSED_VARIABLE = YES;
				IPHONEOS_DEPLOYMENT_TARGET = 13.7;
				MTL_ENABLE_DEBUG_INFO = NO;
				MTL_FAST_MATH = YES;
				SDKROOT = iphoneos;
				SWIFT_COMPILATION_MODE = wholemodule;
				SWIFT_OPTIMIZATION_LEVEL = "-O";
				VALIDATE_PRODUCT = YES;
			};
			name = Release;
		};
		1A5380A52571A37600E7FE62 /* Debug */ = {
			isa = XCBuildConfiguration;
			buildSettings = {
				ASSETCATALOG_COMPILER_APPICON_NAME = AppIcon;
				CODE_SIGN_STYLE = Automatic;
				DEVELOPMENT_TEAM = V9WUS7ZBGW;
				INFOPLIST_FILE = "Beacon-Simulator/Info.plist";
				IPHONEOS_DEPLOYMENT_TARGET = 11.0;
				LD_RUNPATH_SEARCH_PATHS = (
					"$(inherited)",
					"@executable_path/Frameworks",
				);
				PRODUCT_BUNDLE_IDENTIFIER = "eus.aitorzubizarreta.Beacon-Simulator";
				PRODUCT_NAME = "$(TARGET_NAME)";
				SWIFT_VERSION = 5.0;
				TARGETED_DEVICE_FAMILY = 1;
			};
			name = Debug;
		};
		1A5380A62571A37600E7FE62 /* Release */ = {
			isa = XCBuildConfiguration;
			buildSettings = {
				ASSETCATALOG_COMPILER_APPICON_NAME = AppIcon;
				CODE_SIGN_STYLE = Automatic;
				DEVELOPMENT_TEAM = V9WUS7ZBGW;
				INFOPLIST_FILE = "Beacon-Simulator/Info.plist";
				IPHONEOS_DEPLOYMENT_TARGET = 11.0;
				LD_RUNPATH_SEARCH_PATHS = (
					"$(inherited)",
					"@executable_path/Frameworks",
				);
				PRODUCT_BUNDLE_IDENTIFIER = "eus.aitorzubizarreta.Beacon-Simulator";
				PRODUCT_NAME = "$(TARGET_NAME)";
				SWIFT_VERSION = 5.0;
				TARGETED_DEVICE_FAMILY = 1;
			};
			name = Release;
		};
/* End XCBuildConfiguration section */

/* Begin XCConfigurationList section */
		1A53808B2571A37500E7FE62 /* Build configuration list for PBXProject "Beacon-Simulator" */ = {
			isa = XCConfigurationList;
			buildConfigurations = (
				1A5380A22571A37600E7FE62 /* Debug */,
				1A5380A32571A37600E7FE62 /* Release */,
			);
			defaultConfigurationIsVisible = 0;
			defaultConfigurationName = Release;
		};
		1A5380A42571A37600E7FE62 /* Build configuration list for PBXNativeTarget "Beacon-Simulator" */ = {
			isa = XCConfigurationList;
			buildConfigurations = (
				1A5380A52571A37600E7FE62 /* Debug */,
				1A5380A62571A37600E7FE62 /* Release */,
			);
			defaultConfigurationIsVisible = 0;
			defaultConfigurationName = Release;
		};
/* End XCConfigurationList section */
	};
	rootObject = 1A5380882571A37500E7FE62 /* Project object */;
}
